
Microsoft Visual Studio Solution File, Format Version 12.00
# Visual Studio 14
VisualStudioVersion = 14.0.25123.0
MinimumVisualStudioVersion = 10.0.40219.1
Project("{3A4AC26A-AF96-4D00-8BBE-5233183500DD}") = "Sitecore.Support.144608", "Sitecore.Support.144608\Sitecore.Support.144608.csproj", "{9FB07576-2C5F-4D0A-9F89-92743A27D888}"
EndProject
Global
	GlobalSection(SolutionConfigurationPlatforms) = preSolution
		Debug|Any CPU = Debug|Any CPU
		Release|Any CPU = Release|Any CPU
	EndGlobalSection
	GlobalSection(ProjectConfigurationPlatforms) = postSolution
		{9FB07576-2C5F-4D0A-9F89-92743A27D888}.Debug|Any CPU.ActiveCfg = Debug|Any CPU
		{9FB07576-2C5F-4D0A-9F89-92743A27D888}.Debug|Any CPU.Build.0 = Debug|Any CPU
		{9FB07576-2C5F-4D0A-9F89-92743A27D888}.Release|Any CPU.ActiveCfg = Release|Any CPU
		{9FB07576-2C5F-4D0A-9F89-92743A27D888}.Release|Any CPU.Build.0 = Release|Any CPU
	EndGlobalSection
	GlobalSection(SolutionProperties) = preSolution
		HideSolutionNode = FALSE
	EndGlobalSection
EndGlobal
